// !$*UTF8*$!
{
	archiveVersion = 1;
	classes = {
	};
	objectVersion = 50;
	objects = {

/* Begin PBXBuildFile section */
		8E9EB41E25B7072D005BF1F5 /* AppDelegate.swift in Sources */ = {isa = PBXBuildFile; fileRef = 8E9EB41D25B7072D005BF1F5 /* AppDelegate.swift */; };
		8E9EB42025B7072D005BF1F5 /* SceneDelegate.swift in Sources */ = {isa = PBXBuildFile; fileRef = 8E9EB41F25B7072D005BF1F5 /* SceneDelegate.swift */; };
		8E9EB42525B7072D005BF1F5 /* Main.storyboard in Resources */ = {isa = PBXBuildFile; fileRef = 8E9EB42325B7072D005BF1F5 /* Main.storyboard */; };
		8E9EB42825B7072D005BF1F5 /* Trivia.xcdatamodeld in Sources */ = {isa = PBXBuildFile; fileRef = 8E9EB42625B7072D005BF1F5 /* Trivia.xcdatamodeld */; };
		8E9EB42A25B7072F005BF1F5 /* Assets.xcassets in Resources */ = {isa = PBXBuildFile; fileRef = 8E9EB42925B7072F005BF1F5 /* Assets.xcassets */; };
		8E9EB42D25B7072F005BF1F5 /* LaunchScreen.storyboard in Resources */ = {isa = PBXBuildFile; fileRef = 8E9EB42B25B7072F005BF1F5 /* LaunchScreen.storyboard */; };
		8EFCCC5D25B715EC003074CD /* GameHistoryVC.swift in Sources */ = {isa = PBXBuildFile; fileRef = 8EFCCC5C25B715EC003074CD /* GameHistoryVC.swift */; };
		8EFCCC5F25B716CE003074CD /* EnterNameVC.swift in Sources */ = {isa = PBXBuildFile; fileRef = 8EFCCC5E25B716CE003074CD /* EnterNameVC.swift */; };
		8EFCCC6225B717B6003074CD /* GameHistoryCell.swift in Sources */ = {isa = PBXBuildFile; fileRef = 8EFCCC6025B717B6003074CD /* GameHistoryCell.swift */; };
		8EFCCC6325B717B6003074CD /* GameHistoryCell.xib in Resources */ = {isa = PBXBuildFile; fileRef = 8EFCCC6125B717B6003074CD /* GameHistoryCell.xib */; };
		8EFCCC6525B71B58003074CD /* Helper.swift in Sources */ = {isa = PBXBuildFile; fileRef = 8EFCCC6425B71B58003074CD /* Helper.swift */; };
		8EFCCC6725B71DFE003074CD /* ChooseCricketerVC.swift in Sources */ = {isa = PBXBuildFile; fileRef = 8EFCCC6625B71DFE003074CD /* ChooseCricketerVC.swift */; };
		8EFCCC6B25B71EAC003074CD /* ChooseFlagColorVC.swift in Sources */ = {isa = PBXBuildFile; fileRef = 8EFCCC6A25B71EAC003074CD /* ChooseFlagColorVC.swift */; };
/* End PBXBuildFile section */

/* Begin PBXFileReference section */
		8E9EB41A25B7072D005BF1F5 /* Trivia App.app */ = {isa = PBXFileReference; explicitFileType = wrapper.application; includeInIndex = 0; path = "Trivia App.app"; sourceTree = BUILT_PRODUCTS_DIR; };
		8E9EB41D25B7072D005BF1F5 /* AppDelegate.swift */ = {isa = PBXFileReference; lastKnownFileType = sourcecode.swift; path = AppDelegate.swift; sourceTree = "<group>"; };
		8E9EB41F25B7072D005BF1F5 /* SceneDelegate.swift */ = {isa = PBXFileReference; lastKnownFileType = sourcecode.swift; path = SceneDelegate.swift; sourceTree = "<group>"; };
		8E9EB42425B7072D005BF1F5 /* Base */ = {isa = PBXFileReference; lastKnownFileType = file.storyboard; name = Base; path = Base.lproj/Main.storyboard; sourceTree = "<group>"; };
		8E9EB42725B7072D005BF1F5 /* Trivia.xcdatamodel */ = {isa = PBXFileReference; lastKnownFileType = wrapper.xcdatamodel; path = Trivia.xcdatamodel; sourceTree = "<group>"; };
		8E9EB42925B7072F005BF1F5 /* Assets.xcassets */ = {isa = PBXFileReference; lastKnownFileType = folder.assetcatalog; path = Assets.xcassets; sourceTree = "<group>"; };
		8E9EB42C25B7072F005BF1F5 /* Base */ = {isa = PBXFileReference; lastKnownFileType = file.storyboard; name = Base; path = Base.lproj/LaunchScreen.storyboard; sourceTree = "<group>"; };
		8E9EB42E25B7072F005BF1F5 /* Info.plist */ = {isa = PBXFileReference; lastKnownFileType = text.plist.xml; path = Info.plist; sourceTree = "<group>"; };
		8EFCCC5C25B715EC003074CD /* GameHistoryVC.swift */ = {isa = PBXFileReference; lastKnownFileType = sourcecode.swift; path = GameHistoryVC.swift; sourceTree = "<group>"; };
		8EFCCC5E25B716CE003074CD /* EnterNameVC.swift */ = {isa = PBXFileReference; lastKnownFileType = sourcecode.swift; path = EnterNameVC.swift; sourceTree = "<group>"; };
		8EFCCC6025B717B6003074CD /* GameHistoryCell.swift */ = {isa = PBXFileReference; lastKnownFileType = sourcecode.swift; path = GameHistoryCell.swift; sourceTree = "<group>"; };
		8EFCCC6125B717B6003074CD /* GameHistoryCell.xib */ = {isa = PBXFileReference; lastKnownFileType = file.xib; path = GameHistoryCell.xib; sourceTree = "<group>"; };
		8EFCCC6425B71B58003074CD /* Helper.swift */ = {isa = PBXFileReference; lastKnownFileType = sourcecode.swift; path = Helper.swift; sourceTree = "<group>"; };
		8EFCCC6625B71DFE003074CD /* ChooseCricketerVC.swift */ = {isa = PBXFileReference; lastKnownFileType = sourcecode.swift; path = ChooseCricketerVC.swift; sourceTree = "<group>"; };
		8EFCCC6A25B71EAC003074CD /* ChooseFlagColorVC.swift */ = {isa = PBXFileReference; lastKnownFileType = sourcecode.swift; path = ChooseFlagColorVC.swift; sourceTree = "<group>"; };
/* End PBXFileReference section */

/* Begin PBXFrameworksBuildPhase section */
		8E9EB41725B7072D005BF1F5 /* Frameworks */ = {
			isa = PBXFrameworksBuildPhase;
			buildActionMask = 2147483647;
			files = (
			);
			runOnlyForDeploymentPostprocessing = 0;
		};
/* End PBXFrameworksBuildPhase section */

/* Begin PBXGroup section */
		8E182AA525B746B000DEEDCA /* View */ = {
			isa = PBXGroup;
			children = (
				8EFCCC5C25B715EC003074CD /* GameHistoryVC.swift */,
				8EFCCC5E25B716CE003074CD /* EnterNameVC.swift */,
				8EFCCC6025B717B6003074CD /* GameHistoryCell.swift */,
				8EFCCC6125B717B6003074CD /* GameHistoryCell.xib */,
				8EFCCC6625B71DFE003074CD /* ChooseCricketerVC.swift */,
				8EFCCC6A25B71EAC003074CD /* ChooseFlagColorVC.swift */,
			);
			path = View;
			sourceTree = "<group>";
		};
		8E182AA625B746EA00DEEDCA /* storyboard */ = {
			isa = PBXGroup;
			children = (
				8E9EB42325B7072D005BF1F5 /* Main.storyboard */,
				8E9EB42B25B7072F005BF1F5 /* LaunchScreen.storyboard */,
			);
			path = storyboard;
			sourceTree = "<group>";
		};
		8E182AA725B7470700DEEDCA /* Controller */ = {
			isa = PBXGroup;
			children = (
				8E9EB41D25B7072D005BF1F5 /* AppDelegate.swift */,
				8E9EB41F25B7072D005BF1F5 /* SceneDelegate.swift */,
				8E9EB42E25B7072F005BF1F5 /* Info.plist */,
			);
			path = Controller;
			sourceTree = "<group>";
		};
		8E182AA825B7472200DEEDCA /* Resources */ = {
			isa = PBXGroup;
			children = (
				8E9EB42925B7072F005BF1F5 /* Assets.xcassets */,
				8EFCCC6425B71B58003074CD /* Helper.swift */,
			);
			path = Resources;
			sourceTree = "<group>";
		};
		8E9EB41125B7072D005BF1F5 = {
			isa = PBXGroup;
			children = (
				8E9EB41C25B7072D005BF1F5 /* Trivia */,
				8E9EB41B25B7072D005BF1F5 /* Products */,
			);
			sourceTree = "<group>";
		};
		8E9EB41B25B7072D005BF1F5 /* Products */ = {
			isa = PBXGroup;
			children = (
				8E9EB41A25B7072D005BF1F5 /* Trivia App.app */,
			);
			name = Products;
			sourceTree = "<group>";
		};
		8E9EB41C25B7072D005BF1F5 /* Trivia */ = {
			isa = PBXGroup;
			children = (
				8E182AA825B7472200DEEDCA /* Resources */,
				8E182AA725B7470700DEEDCA /* Controller */,
				8E182AA625B746EA00DEEDCA /* storyboard */,
				8E182AA525B746B000DEEDCA /* View */,
				8E9EB42625B7072D005BF1F5 /* Trivia.xcdatamodeld */,
			);
			path = Trivia;
			sourceTree = "<group>";
		};
/* End PBXGroup section */

/* Begin PBXNativeTarget section */
		8E9EB41925B7072D005BF1F5 /* Trivia */ = {
			isa = PBXNativeTarget;
			buildConfigurationList = 8E9EB43125B7072F005BF1F5 /* Build configuration list for PBXNativeTarget "Trivia" */;
			buildPhases = (
				8E9EB41625B7072D005BF1F5 /* Sources */,
				8E9EB41725B7072D005BF1F5 /* Frameworks */,
				8E9EB41825B7072D005BF1F5 /* Resources */,
			);
			buildRules = (
			);
			dependencies = (
			);
			name = Trivia;
			productName = Trivia;
			productReference = 8E9EB41A25B7072D005BF1F5 /* Trivia App.app */;
			productType = "com.apple.product-type.application";
		};
/* End PBXNativeTarget section */

/* Begin PBXProject section */
		8E9EB41225B7072D005BF1F5 /* Project object */ = {
			isa = PBXProject;
			attributes = {
				LastSwiftUpdateCheck = 1110;
				LastUpgradeCheck = 1110;
				ORGANIZATIONNAME = Pallavi;
				TargetAttributes = {
					8E9EB41925B7072D005BF1F5 = {
						CreatedOnToolsVersion = 11.1;
					};
				};
			};
			buildConfigurationList = 8E9EB41525B7072D005BF1F5 /* Build configuration list for PBXProject "Trivia" */;
			compatibilityVersion = "Xcode 9.3";
			developmentRegion = en;
			hasScannedForEncodings = 0;
			knownRegions = (
				en,
				Base,
			);
			mainGroup = 8E9EB41125B7072D005BF1F5;
			productRefGroup = 8E9EB41B25B7072D005BF1F5 /* Products */;
			projectDirPath = "";
			projectRoot = "";
			targets = (
				8E9EB41925B7072D005BF1F5 /* Trivia */,
			);
		};
/* End PBXProject section */

/* Begin PBXResourcesBuildPhase section */
		8E9EB41825B7072D005BF1F5 /* Resources */ = {
			isa = PBXResourcesBuildPhase;
			buildActionMask = 2147483647;
			files = (
				8EFCCC6325B717B6003074CD /* GameHistoryCell.xib in Resources */,
				8E9EB42D25B7072F005BF1F5 /* LaunchScreen.storyboard in Resources */,
				8E9EB42A25B7072F005BF1F5 /* Assets.xcassets in Resources */,
				8E9EB42525B7072D005BF1F5 /* Main.storyboard in Resources */,
			);
			runOnlyForDeploymentPostprocessing = 0;
		};
/* End PBXResourcesBuildPhase section */

/* Begin PBXSourcesBuildPhase section */
		8E9EB41625B7072D005BF1F5 /* Sources */ = {
			isa = PBXSourcesBuildPhase;
			buildActionMask = 2147483647;
			files = (
				8E9EB41E25B7072D005BF1F5 /* AppDelegate.swift in Sources */,
				8EFCCC6B25B71EAC003074CD /* ChooseFlagColorVC.swift in Sources */,
				8E9EB42825B7072D005BF1F5 /* Trivia.xcdatamodeld in Sources */,
				8EFCCC5D25B715EC003074CD /* GameHistoryVC.swift in Sources */,
				8EFCCC6225B717B6003074CD /* GameHistoryCell.swift in Sources */,
				8EFCCC5F25B716CE003074CD /* EnterNameVC.swift in Sources */,
				8E9EB42025B7072D005BF1F5 /* SceneDelegate.swift in Sources */,
				8EFCCC6525B71B58003074CD /* Helper.swift in Sources */,
				8EFCCC6725B71DFE003074CD /* ChooseCricketerVC.swift in Sources */,
			);
			runOnlyForDeploymentPostprocessing = 0;
		};
/* End PBXSourcesBuildPhase section */

/* Begin PBXVariantGroup section */
		8E9EB42325B7072D005BF1F5 /* Main.storyboard */ = {
			isa = PBXVariantGroup;
			children = (
				8E9EB42425B7072D005BF1F5 /* Base */,
			);
			name = Main.storyboard;
			sourceTree = "<group>";
		};
		8E9EB42B25B7072F005BF1F5 /* LaunchScreen.storyboard */ = {
			isa = PBXVariantGroup;
			children = (
				8E9EB42C25B7072F005BF1F5 /* Base */,
			);
			name = LaunchScreen.storyboard;
			sourceTree = "<group>";
		};
/* End PBXVariantGroup section */

/* Begin XCBuildConfiguration section */
		8E9EB42F25B7072F005BF1F5 /* Debug */ = {
			isa = XCBuildConfiguration;
			buildSettings = {
				ALWAYS_SEARCH_USER_PATHS = NO;
				CLANG_ANALYZER_NONNULL = YES;
				CLANG_ANALYZER_NUMBER_OBJECT_CONVERSION = YES_AGGRESSIVE;
				CLANG_CXX_LANGUAGE_STANDARD = "gnu++14";
				CLANG_CXX_LIBRARY = "libc++";
				CLANG_ENABLE_MODULES = YES;
				CLANG_ENABLE_OBJC_ARC = YES;
				CLANG_ENABLE_OBJC_WEAK = YES;
				CLANG_WARN_BLOCK_CAPTURE_AUTORELEASING = YES;
				CLANG_WARN_BOOL_CONVERSION = YES;
				CLANG_WARN_COMMA = YES;
				CLANG_WARN_CONSTANT_CONVERSION = YES;
				CLANG_WARN_DEPRECATED_OBJC_IMPLEMENTATIONS = YES;
				CLANG_WARN_DIRECT_OBJC_ISA_USAGE = YES_ERROR;
				CLANG_WARN_DOCUMENTATION_COMMENTS = YES;
				CLANG_WARN_EMPTY_BODY = YES;
				CLANG_WARN_ENUM_CONVERSION = YES;
				CLANG_WARN_INFINITE_RECURSION = YES;
				CLANG_WARN_INT_CONVERSION = YES;
				CLANG_WARN_NON_LITERAL_NULL_CONVERSION = YES;
				CLANG_WARN_OBJC_IMPLICIT_RETAIN_SELF = YES;
				CLANG_WARN_OBJC_LITERAL_CONVERSION = YES;
				CLANG_WARN_OBJC_ROOT_CLASS = YES_ERROR;
				CLANG_WARN_RANGE_LOOP_ANALYSIS = YES;
				CLANG_WARN_STRICT_PROTOTYPES = YES;
				CLANG_WARN_SUSPICIOUS_MOVE = YES;
				CLANG_WARN_UNGUARDED_AVAILABILITY = YES_AGGRESSIVE;
				CLANG_WARN_UNREACHABLE_CODE = YES;
				CLANG_WARN__DUPLICATE_METHOD_MATCH = YES;
				COPY_PHASE_STRIP = NO;
				DEBUG_INFORMATION_FORMAT = dwarf;
				ENABLE_STRICT_OBJC_MSGSEND = YES;
				ENABLE_TESTABILITY = YES;
				GCC_C_LANGUAGE_STANDARD = gnu11;
				GCC_DYNAMIC_NO_PIC = NO;
				GCC_NO_COMMON_BLOCKS = YES;
				GCC_OPTIMIZATION_LEVEL = 0;
				GCC_PREPROCESSOR_DEFINITIONS = (
					"DEBUG=1",
					"$(inherited)",
				);
				GCC_WARN_64_TO_32_BIT_CONVERSION = YES;
				GCC_WARN_ABOUT_RETURN_TYPE = YES_ERROR;
				GCC_WARN_UNDECLARED_SELECTOR = YES;
				GCC_WARN_UNINITIALIZED_AUTOS = YES_AGGRESSIVE;
				GCC_WARN_UNUSED_FUNCTION = YES;
				GCC_WARN_UNUSED_VARIABLE = YES;
				IPHONEOS_DEPLOYMENT_TARGET = 11.0;
				MTL_ENABLE_DEBUG_INFO = INCLUDE_SOURCE;
				MTL_FAST_MATH = YES;
				ONLY_ACTIVE_ARCH = YES;
				SDKROOT = iphoneos;
				SWIFT_ACTIVE_COMPILATION_CONDITIONS = DEBUG;
				SWIFT_OPTIMIZATION_LEVEL = "-Onone";
			};
			name = Debug;
		};
		8E9EB43025B7072F005BF1F5 /* Release */ = {
			isa = XCBuildConfiguration;
			buildSettings = {
				ALWAYS_SEARCH_USER_PATHS = NO;
				CLANG_ANALYZER_NONNULL = YES;
				CLANG_ANALYZER_NUMBER_OBJECT_CONVERSION = YES_AGGRESSIVE;
				CLANG_CXX_LANGUAGE_STANDARD = "gnu++14";
				CLANG_CXX_LIBRARY = "libc++";
				CLANG_ENABLE_MODULES = YES;
				CLANG_ENABLE_OBJC_ARC = YES;
				CLANG_ENABLE_OBJC_WEAK = YES;
				CLANG_WARN_BLOCK_CAPTURE_AUTORELEASING = YES;
				CLANG_WARN_BOOL_CONVERSION = YES;
				CLANG_WARN_COMMA = YES;
				CLANG_WARN_CONSTANT_CONVERSION = YES;
				CLANG_WARN_DEPRECATED_OBJC_IMPLEMENTATIONS = YES;
				CLANG_WARN_DIRECT_OBJC_ISA_USAGE = YES_ERROR;
				CLANG_WARN_DOCUMENTATION_COMMENTS = YES;
				CLANG_WARN_EMPTY_BODY = YES;
				CLANG_WARN_ENUM_CONVERSION = YES;
				CLANG_WARN_INFINITE_RECURSION = YES;
				CLANG_WARN_INT_CONVERSION = YES;
				CLANG_WARN_NON_LITERAL_NULL_CONVERSION = YES;
				CLANG_WARN_OBJC_IMPLICIT_RETAIN_SELF = YES;
				CLANG_WARN_OBJC_LITERAL_CONVERSION = YES;
				CLANG_WARN_OBJC_ROOT_CLASS = YES_ERROR;
				CLANG_WARN_RANGE_LOOP_ANALYSIS = YES;
				CLANG_WARN_STRICT_PROTOTYPES = YES;
				CLANG_WARN_SUSPICIOUS_MOVE = YES;
				CLANG_WARN_UNGUARDED_AVAILABILITY = YES_AGGRESSIVE;
				CLANG_WARN_UNREACHABLE_CODE = YES;
				CLANG_WARN__DUPLICATE_METHOD_MATCH = YES;
				COPY_PHASE_STRIP = NO;
				DEBUG_INFORMATION_FORMAT = "dwarf-with-dsym";
				ENABLE_NS_ASSERTIONS = NO;
				ENABLE_STRICT_OBJC_MSGSEND = YES;
				GCC_C_LANGUAGE_STANDARD = gnu11;
				GCC_NO_COMMON_BLOCKS = YES;
				GCC_WARN_64_TO_32_BIT_CONVERSION = YES;
				GCC_WARN_ABOUT_RETURN_TYPE = YES_ERROR;
				GCC_WARN_UNDECLARED_SELECTOR = YES;
				GCC_WARN_UNINITIALIZED_AUTOS = YES_AGGRESSIVE;
				GCC_WARN_UNUSED_FUNCTION = YES;
				GCC_WARN_UNUSED_VARIABLE = YES;
				IPHONEOS_DEPLOYMENT_TARGET = 11.0;
				MTL_ENABLE_DEBUG_INFO = NO;
				MTL_FAST_MATH = YES;
				SDKROOT = iphoneos;
				SWIFT_COMPILATION_MODE = wholemodule;
				SWIFT_OPTIMIZATION_LEVEL = "-O";
				VALIDATE_PRODUCT = YES;
			};
			name = Release;
		};
		8E9EB43225B7072F005BF1F5 /* Debug */ = {
			isa = XCBuildConfiguration;
			buildSettings = {
				ASSETCATALOG_COMPILER_APPICON_NAME = AppIcon;
				CODE_SIGN_STYLE = Automatic;
				DEVELOPMENT_TEAM = 2LYR8LJ6EY;
				INFOPLIST_FILE = Trivia/Controller/Info.plist;
				IPHONEOS_DEPLOYMENT_TARGET = 11.0;
				LD_RUNPATH_SEARCH_PATHS = (
					"$(inherited)",
					"@executable_path/Frameworks",
				);
				PRODUCT_BUNDLE_IDENTIFIER = app.Trivia;
				PRODUCT_NAME = "Trivia App";
				SWIFT_VERSION = 5.0;
				TARGETED_DEVICE_FAMILY = 1;
			};
			name = Debug;
		};
		8E9EB43325B7072F005BF1F5 /* Release */ = {
			isa = XCBuildConfiguration;
			buildSettings = {
				ASSETCATALOG_COMPILER_APPICON_NAME = AppIcon;
				CODE_SIGN_STYLE = Automatic;
				DEVELOPMENT_TEAM = 2LYR8LJ6EY;
				INFOPLIST_FILE = Trivia/Controller/Info.plist;
				IPHONEOS_DEPLOYMENT_TARGET = 11.0;
				LD_RUNPATH_SEARCH_PATHS = (
					"$(inherited)",
					"@executable_path/Frameworks",
				);
				PRODUCT_BUNDLE_IDENTIFIER = app.Trivia;
				PRODUCT_NAME = "Trivia App";
				SWIFT_VERSION = 5.0;
				TARGETED_DEVICE_FAMILY = 1;
			};
			name = Release;
		};
/* End XCBuildConfiguration section */

/* Begin XCConfigurationList section */
		8E9EB41525B7072D005BF1F5 /* Build configuration list for PBXProject "Trivia" */ = {
			isa = XCConfigurationList;
			buildConfigurations = (
				8E9EB42F25B7072F005BF1F5 /* Debug */,
				8E9EB43025B7072F005BF1F5 /* Release */,
			);
			defaultConfigurationIsVisible = 0;
			defaultConfigurationName = Release;
		};
		8E9EB43125B7072F005BF1F5 /* Build configuration list for PBXNativeTarget "Trivia" */ = {
			isa = XCConfigurationList;
			buildConfigurations = (
				8E9EB43225B7072F005BF1F5 /* Debug */,
				8E9EB43325B7072F005BF1F5 /* Release */,
			);
			defaultConfigurationIsVisible = 0;
			defaultConfigurationName = Release;
		};
/* End XCConfigurationList section */

/* Begin XCVersionGroup section */
		8E9EB42625B7072D005BF1F5 /* Trivia.xcdatamodeld */ = {
			isa = XCVersionGroup;
			children = (
				8E9EB42725B7072D005BF1F5 /* Trivia.xcdatamodel */,
			);
			currentVersion = 8E9EB42725B7072D005BF1F5 /* Trivia.xcdatamodel */;
			path = Trivia.xcdatamodeld;
			sourceTree = "<group>";
			versionGroupType = wrapper.xcdatamodel;
		};
/* End XCVersionGroup section */
	};
	rootObject = 8E9EB41225B7072D005BF1F5 /* Project object */;
}
